
Microsoft Visual Studio Solution File, Format Version 12.00
# Visual Studio Version 17
VisualStudioVersion = 17.14.36518.9 d17.14
MinimumVisualStudioVersion = 10.0.40219.1
Project("{FAE04EC0-301F-11D3-BF4B-00C04F79EFBC}") = "StudentListApp", "StudentListApp\StudentListApp.csproj", "{0CF95552-37FA-487F-B554-251A9E7160D7}"
EndProject
Global
	GlobalSection(SolutionConfigurationPlatforms) = preSolution
		Debug|Any CPU = Debug|Any CPU
		Release|Any CPU = Release|Any CPU
	EndGlobalSection
	GlobalSection(ProjectConfigurationPlatforms) = postSolution
		{0CF95552-37FA-487F-B554-251A9E7160D7}.Debug|Any CPU.ActiveCfg = Debug|Any CPU
		{0CF95552-37FA-487F-B554-251A9E7160D7}.Debug|Any CPU.Build.0 = Debug|Any CPU
		{0CF95552-37FA-487F-B554-251A9E7160D7}.Release|Any CPU.ActiveCfg = Release|Any CPU
		{0CF95552-37FA-487F-B554-251A9E7160D7}.Release|Any CPU.Build.0 = Release|Any CPU
	EndGlobalSection
	GlobalSection(SolutionProperties) = preSolution
		HideSolutionNode = FALSE
	EndGlobalSection
	GlobalSection(ExtensibilityGlobals) = postSolution
		SolutionGuid = {317DABA2-74CE-44D9-AF91-95F4FABFA3A4}
	EndGlobalSection
EndGlobal
